// !$*UTF8*$!
{
	archiveVersion = 1;
	classes = {
	};
	objectVersion = 48;
	objects = {

/* Begin PBXBuildFile section */
		F50BF0EF203DABAA00FA7AC9 /* AppDelegate.swift in Sources */ = {isa = PBXBuildFile; fileRef = F50BF0EE203DABAA00FA7AC9 /* AppDelegate.swift */; };
		F50BF0F1203DABAA00FA7AC9 /* ViewController.swift in Sources */ = {isa = PBXBuildFile; fileRef = F50BF0F0203DABAA00FA7AC9 /* ViewController.swift */; };
		F50BF0F4203DABAA00FA7AC9 /* Main.storyboard in Resources */ = {isa = PBXBuildFile; fileRef = F50BF0F2203DABAA00FA7AC9 /* Main.storyboard */; };
		F50BF0F6203DABAA00FA7AC9 /* Assets.xcassets in Resources */ = {isa = PBXBuildFile; fileRef = F50BF0F5203DABAA00FA7AC9 /* Assets.xcassets */; };
		F50BF0F9203DABAA00FA7AC9 /* LaunchScreen.storyboard in Resources */ = {isa = PBXBuildFile; fileRef = F50BF0F7203DABAA00FA7AC9 /* LaunchScreen.storyboard */; };
		F50BF107203DAE1100FA7AC9 /* IntentHandler.swift in Sources */ = {isa = PBXBuildFile; fileRef = F50BF106203DAE1100FA7AC9 /* IntentHandler.swift */; };
		F50BF10B203DAE1100FA7AC9 /* Tinkerintents.appex in Embed App Extensions */ = {isa = PBXBuildFile; fileRef = F50BF104203DAE1100FA7AC9 /* Tinkerintents.appex */; settings = {ATTRIBUTES = (RemoveHeadersOnCopy, ); }; };
/* End PBXBuildFile section */

/* Begin PBXContainerItemProxy section */
		F50BF109203DAE1100FA7AC9 /* PBXContainerItemProxy */ = {
			isa = PBXContainerItemProxy;
			containerPortal = F50BF0E3203DABAA00FA7AC9 /* Project object */;
			proxyType = 1;
			remoteGlobalIDString = F50BF103203DAE1100FA7AC9;
			remoteInfo = Tinkerintents;
		};
/* End PBXContainerItemProxy section */

/* Begin PBXCopyFilesBuildPhase section */
		F50BF10F203DAE1100FA7AC9 /* Embed App Extensions */ = {
			isa = PBXCopyFilesBuildPhase;
			buildActionMask = 2147483647;
			dstPath = "";
			dstSubfolderSpec = 13;
			files = (
				F50BF10B203DAE1100FA7AC9 /* Tinkerintents.appex in Embed App Extensions */,
			);
			name = "Embed App Extensions";
			runOnlyForDeploymentPostprocessing = 0;
		};
/* End PBXCopyFilesBuildPhase section */

/* Begin PBXFileReference section */
		F50BF0EB203DABAA00FA7AC9 /* Tinker.app */ = {isa = PBXFileReference; explicitFileType = wrapper.application; includeInIndex = 0; path = Tinker.app; sourceTree = BUILT_PRODUCTS_DIR; };
		F50BF0EE203DABAA00FA7AC9 /* AppDelegate.swift */ = {isa = PBXFileReference; lastKnownFileType = sourcecode.swift; path = AppDelegate.swift; sourceTree = "<group>"; };
		F50BF0F0203DABAA00FA7AC9 /* ViewController.swift */ = {isa = PBXFileReference; lastKnownFileType = sourcecode.swift; path = ViewController.swift; sourceTree = "<group>"; };
		F50BF0F3203DABAA00FA7AC9 /* Base */ = {isa = PBXFileReference; lastKnownFileType = file.storyboard; name = Base; path = Base.lproj/Main.storyboard; sourceTree = "<group>"; };
		F50BF0F5203DABAA00FA7AC9 /* Assets.xcassets */ = {isa = PBXFileReference; lastKnownFileType = folder.assetcatalog; path = Assets.xcassets; sourceTree = "<group>"; };
		F50BF0F8203DABAA00FA7AC9 /* Base */ = {isa = PBXFileReference; lastKnownFileType = file.storyboard; name = Base; path = Base.lproj/LaunchScreen.storyboard; sourceTree = "<group>"; };
		F50BF0FA203DABAA00FA7AC9 /* Info.plist */ = {isa = PBXFileReference; lastKnownFileType = text.plist.xml; path = Info.plist; sourceTree = "<group>"; };
		F50BF104203DAE1100FA7AC9 /* Tinkerintents.appex */ = {isa = PBXFileReference; explicitFileType = "wrapper.app-extension"; includeInIndex = 0; path = Tinkerintents.appex; sourceTree = BUILT_PRODUCTS_DIR; };
		F50BF106203DAE1100FA7AC9 /* IntentHandler.swift */ = {isa = PBXFileReference; lastKnownFileType = sourcecode.swift; path = IntentHandler.swift; sourceTree = "<group>"; };
		F50BF108203DAE1100FA7AC9 /* Info.plist */ = {isa = PBXFileReference; lastKnownFileType = text.plist.xml; path = Info.plist; sourceTree = "<group>"; };
		F50BF110203DAE9200FA7AC9 /* Tinker.entitlements */ = {isa = PBXFileReference; lastKnownFileType = text.plist.entitlements; path = Tinker.entitlements; sourceTree = "<group>"; };
/* End PBXFileReference section */

/* Begin PBXFrameworksBuildPhase section */
		F50BF0E8203DABAA00FA7AC9 /* Frameworks */ = {
			isa = PBXFrameworksBuildPhase;
			buildActionMask = 2147483647;
			files = (
			);
			runOnlyForDeploymentPostprocessing = 0;
		};
		F50BF101203DAE1100FA7AC9 /* Frameworks */ = {
			isa = PBXFrameworksBuildPhase;
			buildActionMask = 2147483647;
			files = (
			);
			runOnlyForDeploymentPostprocessing = 0;
		};
/* End PBXFrameworksBuildPhase section */

/* Begin PBXGroup section */
		F50BF0E2203DABAA00FA7AC9 = {
			isa = PBXGroup;
			children = (
				F50BF0ED203DABAA00FA7AC9 /* Tinker */,
				F50BF105203DAE1100FA7AC9 /* Tinkerintents */,
				F50BF0EC203DABAA00FA7AC9 /* Products */,
			);
			sourceTree = "<group>";
		};
		F50BF0EC203DABAA00FA7AC9 /* Products */ = {
			isa = PBXGroup;
			children = (
				F50BF0EB203DABAA00FA7AC9 /* Tinker.app */,
				F50BF104203DAE1100FA7AC9 /* Tinkerintents.appex */,
			);
			name = Products;
			sourceTree = "<group>";
		};
		F50BF0ED203DABAA00FA7AC9 /* Tinker */ = {
			isa = PBXGroup;
			children = (
				F50BF110203DAE9200FA7AC9 /* Tinker.entitlements */,
				F50BF0EE203DABAA00FA7AC9 /* AppDelegate.swift */,
				F50BF0F0203DABAA00FA7AC9 /* ViewController.swift */,
				F50BF0F2203DABAA00FA7AC9 /* Main.storyboard */,
				F50BF0F5203DABAA00FA7AC9 /* Assets.xcassets */,
				F50BF0F7203DABAA00FA7AC9 /* LaunchScreen.storyboard */,
				F50BF0FA203DABAA00FA7AC9 /* Info.plist */,
			);
			path = Tinker;
			sourceTree = "<group>";
		};
		F50BF105203DAE1100FA7AC9 /* Tinkerintents */ = {
			isa = PBXGroup;
			children = (
				F50BF106203DAE1100FA7AC9 /* IntentHandler.swift */,
				F50BF108203DAE1100FA7AC9 /* Info.plist */,
			);
			path = Tinkerintents;
			sourceTree = "<group>";
		};
/* End PBXGroup section */

/* Begin PBXNativeTarget section */
		F50BF0EA203DABAA00FA7AC9 /* Tinker */ = {
			isa = PBXNativeTarget;
			buildConfigurationList = F50BF0FD203DABAA00FA7AC9 /* Build configuration list for PBXNativeTarget "Tinker" */;
			buildPhases = (
				F50BF0E7203DABAA00FA7AC9 /* Sources */,
				F50BF0E8203DABAA00FA7AC9 /* Frameworks */,
				F50BF0E9203DABAA00FA7AC9 /* Resources */,
				F50BF10F203DAE1100FA7AC9 /* Embed App Extensions */,
			);
			buildRules = (
			);
			dependencies = (
				F50BF10A203DAE1100FA7AC9 /* PBXTargetDependency */,
			);
			name = Tinker;
			productName = Tinker;
			productReference = F50BF0EB203DABAA00FA7AC9 /* Tinker.app */;
			productType = "com.apple.product-type.application";
		};
		F50BF103203DAE1100FA7AC9 /* Tinkerintents */ = {
			isa = PBXNativeTarget;
			buildConfigurationList = F50BF10C203DAE1100FA7AC9 /* Build configuration list for PBXNativeTarget "Tinkerintents" */;
			buildPhases = (
				F50BF100203DAE1100FA7AC9 /* Sources */,
				F50BF101203DAE1100FA7AC9 /* Frameworks */,
				F50BF102203DAE1100FA7AC9 /* Resources */,
			);
			buildRules = (
			);
			dependencies = (
			);
			name = Tinkerintents;
			productName = Tinkerintents;
			productReference = F50BF104203DAE1100FA7AC9 /* Tinkerintents.appex */;
			productType = "com.apple.product-type.app-extension";
		};
/* End PBXNativeTarget section */

/* Begin PBXProject section */
		F50BF0E3203DABAA00FA7AC9 /* Project object */ = {
			isa = PBXProject;
			attributes = {
				LastSwiftUpdateCheck = 0920;
				LastUpgradeCheck = 0920;
				ORGANIZATIONNAME = "Bill Proudfoot";
				TargetAttributes = {
					F50BF0EA203DABAA00FA7AC9 = {
						CreatedOnToolsVersion = 9.2;
						ProvisioningStyle = Automatic;
						SystemCapabilities = {
							com.apple.Siri = {
								enabled = 1;
							};
						};
					};
					F50BF103203DAE1100FA7AC9 = {
						CreatedOnToolsVersion = 9.2;
						ProvisioningStyle = Automatic;
					};
				};
			};
			buildConfigurationList = F50BF0E6203DABAA00FA7AC9 /* Build configuration list for PBXProject "Tinker" */;
			compatibilityVersion = "Xcode 8.0";
			developmentRegion = en;
			hasScannedForEncodings = 0;
			knownRegions = (
				en,
				Base,
			);
			mainGroup = F50BF0E2203DABAA00FA7AC9;
			productRefGroup = F50BF0EC203DABAA00FA7AC9 /* Products */;
			projectDirPath = "";
			projectRoot = "";
			targets = (
				F50BF0EA203DABAA00FA7AC9 /* Tinker */,
				F50BF103203DAE1100FA7AC9 /* Tinkerintents */,
			);
		};
/* End PBXProject section */

/* Begin PBXResourcesBuildPhase section */
		F50BF0E9203DABAA00FA7AC9 /* Resources */ = {
			isa = PBXResourcesBuildPhase;
			buildActionMask = 2147483647;
			files = (
				F50BF0F9203DABAA00FA7AC9 /* LaunchScreen.storyboard in Resources */,
				F50BF0F6203DABAA00FA7AC9 /* Assets.xcassets in Resources */,
				F50BF0F4203DABAA00FA7AC9 /* Main.storyboard in Resources */,
			);
			runOnlyForDeploymentPostprocessing = 0;
		};
		F50BF102203DAE1100FA7AC9 /* Resources */ = {
			isa = PBXResourcesBuildPhase;
			buildActionMask = 2147483647;
			files = (
			);
			runOnlyForDeploymentPostprocessing = 0;
		};
/* End PBXResourcesBuildPhase section */

/* Begin PBXSourcesBuildPhase section */
		F50BF0E7203DABAA00FA7AC9 /* Sources */ = {
			isa = PBXSourcesBuildPhase;
			buildActionMask = 2147483647;
			files = (
				F50BF0F1203DABAA00FA7AC9 /* ViewController.swift in Sources */,
				F50BF0EF203DABAA00FA7AC9 /* AppDelegate.swift in Sources */,
			);
			runOnlyForDeploymentPostprocessing = 0;
		};
		F50BF100203DAE1100FA7AC9 /* Sources */ = {
			isa = PBXSourcesBuildPhase;
			buildActionMask = 2147483647;
			files = (
				F50BF107203DAE1100FA7AC9 /* IntentHandler.swift in Sources */,
			);
			runOnlyForDeploymentPostprocessing = 0;
		};
/* End PBXSourcesBuildPhase section */

/* Begin PBXTargetDependency section */
		F50BF10A203DAE1100FA7AC9 /* PBXTargetDependency */ = {
			isa = PBXTargetDependency;
			target = F50BF103203DAE1100FA7AC9 /* Tinkerintents */;
			targetProxy = F50BF109203DAE1100FA7AC9 /* PBXContainerItemProxy */;
		};
/* End PBXTargetDependency section */

/* Begin PBXVariantGroup section */
		F50BF0F2203DABAA00FA7AC9 /* Main.storyboard */ = {
			isa = PBXVariantGroup;
			children = (
				F50BF0F3203DABAA00FA7AC9 /* Base */,
			);
			name = Main.storyboard;
			sourceTree = "<group>";
		};
		F50BF0F7203DABAA00FA7AC9 /* LaunchScreen.storyboard */ = {
			isa = PBXVariantGroup;
			children = (
				F50BF0F8203DABAA00FA7AC9 /* Base */,
			);
			name = LaunchScreen.storyboard;
			sourceTree = "<group>";
		};
/* End PBXVariantGroup section */

/* Begin XCBuildConfiguration section */
		F50BF0FB203DABAA00FA7AC9 /* Debug */ = {
			isa = XCBuildConfiguration;
			buildSettings = {
				ALWAYS_SEARCH_USER_PATHS = NO;
				CLANG_ANALYZER_NONNULL = YES;
				CLANG_ANALYZER_NUMBER_OBJECT_CONVERSION = YES_AGGRESSIVE;
				CLANG_CXX_LANGUAGE_STANDARD = "gnu++14";
				CLANG_CXX_LIBRARY = "libc++";
				CLANG_ENABLE_MODULES = YES;
				CLANG_ENABLE_OBJC_ARC = YES;
				CLANG_WARN_BLOCK_CAPTURE_AUTORELEASING = YES;
				CLANG_WARN_BOOL_CONVERSION = YES;
				CLANG_WARN_COMMA = YES;
				CLANG_WARN_CONSTANT_CONVERSION = YES;
				CLANG_WARN_DIRECT_OBJC_ISA_USAGE = YES_ERROR;
				CLANG_WARN_DOCUMENTATION_COMMENTS = YES;
				CLANG_WARN_EMPTY_BODY = YES;
				CLANG_WARN_ENUM_CONVERSION = YES;
				CLANG_WARN_INFINITE_RECURSION = YES;
				CLANG_WARN_INT_CONVERSION = YES;
				CLANG_WARN_NON_LITERAL_NULL_CONVERSION = YES;
				CLANG_WARN_OBJC_LITERAL_CONVERSION = YES;
				CLANG_WARN_OBJC_ROOT_CLASS = YES_ERROR;
				CLANG_WARN_RANGE_LOOP_ANALYSIS = YES;
				CLANG_WARN_STRICT_PROTOTYPES = YES;
				CLANG_WARN_SUSPICIOUS_MOVE = YES;
				CLANG_WARN_UNGUARDED_AVAILABILITY = YES_AGGRESSIVE;
				CLANG_WARN_UNREACHABLE_CODE = YES;
				CLANG_WARN__DUPLICATE_METHOD_MATCH = YES;
				CODE_SIGN_IDENTITY = "iPhone Developer";
				COPY_PHASE_STRIP = NO;
				DEBUG_INFORMATION_FORMAT = dwarf;
				ENABLE_STRICT_OBJC_MSGSEND = YES;
				ENABLE_TESTABILITY = YES;
				GCC_C_LANGUAGE_STANDARD = gnu11;
				GCC_DYNAMIC_NO_PIC = NO;
				GCC_NO_COMMON_BLOCKS = YES;
				GCC_OPTIMIZATION_LEVEL = 0;
				GCC_PREPROCESSOR_DEFINITIONS = (
					"DEBUG=1",
					"$(inherited)",
				);
				GCC_WARN_64_TO_32_BIT_CONVERSION = YES;
				GCC_WARN_ABOUT_RETURN_TYPE = YES_ERROR;
				GCC_WARN_UNDECLARED_SELECTOR = YES;
				GCC_WARN_UNINITIALIZED_AUTOS = YES_AGGRESSIVE;
				GCC_WARN_UNUSED_FUNCTION = YES;
				GCC_WARN_UNUSED_VARIABLE = YES;
				IPHONEOS_DEPLOYMENT_TARGET = 11.2;
				MTL_ENABLE_DEBUG_INFO = YES;
				ONLY_ACTIVE_ARCH = YES;
				SDKROOT = iphoneos;
				SWIFT_ACTIVE_COMPILATION_CONDITIONS = DEBUG;
				SWIFT_OPTIMIZATION_LEVEL = "-Onone";
			};
			name = Debug;
		};
		F50BF0FC203DABAA00FA7AC9 /* Release */ = {
			isa = XCBuildConfiguration;
			buildSettings = {
				ALWAYS_SEARCH_USER_PATHS = NO;
				CLANG_ANALYZER_NONNULL = YES;
				CLANG_ANALYZER_NUMBER_OBJECT_CONVERSION = YES_AGGRESSIVE;
				CLANG_CXX_LANGUAGE_STANDARD = "gnu++14";
				CLANG_CXX_LIBRARY = "libc++";
				CLANG_ENABLE_MODULES = YES;
				CLANG_ENABLE_OBJC_ARC = YES;
				CLANG_WARN_BLOCK_CAPTURE_AUTORELEASING = YES;
				CLANG_WARN_BOOL_CONVERSION = YES;
				CLANG_WARN_COMMA = YES;
				CLANG_WARN_CONSTANT_CONVERSION = YES;
				CLANG_WARN_DIRECT_OBJC_ISA_USAGE = YES_ERROR;
				CLANG_WARN_DOCUMENTATION_COMMENTS = YES;
				CLANG_WARN_EMPTY_BODY = YES;
				CLANG_WARN_ENUM_CONVERSION = YES;
				CLANG_WARN_INFINITE_RECURSION = YES;
				CLANG_WARN_INT_CONVERSION = YES;
				CLANG_WARN_NON_LITERAL_NULL_CONVERSION = YES;
				CLANG_WARN_OBJC_LITERAL_CONVERSION = YES;
				CLANG_WARN_OBJC_ROOT_CLASS = YES_ERROR;
				CLANG_WARN_RANGE_LOOP_ANALYSIS = YES;
				CLANG_WARN_STRICT_PROTOTYPES = YES;
				CLANG_WARN_SUSPICIOUS_MOVE = YES;
				CLANG_WARN_UNGUARDED_AVAILABILITY = YES_AGGRESSIVE;
				CLANG_WARN_UNREACHABLE_CODE = YES;
				CLANG_WARN__DUPLICATE_METHOD_MATCH = YES;
				CODE_SIGN_IDENTITY = "iPhone Developer";
				COPY_PHASE_STRIP = NO;
				DEBUG_INFORMATION_FORMAT = "dwarf-with-dsym";
				ENABLE_NS_ASSERTIONS = NO;
				ENABLE_STRICT_OBJC_MSGSEND = YES;
				GCC_C_LANGUAGE_STANDARD = gnu11;
				GCC_NO_COMMON_BLOCKS = YES;
				GCC_WARN_64_TO_32_BIT_CONVERSION = YES;
				GCC_WARN_ABOUT_RETURN_TYPE = YES_ERROR;
				GCC_WARN_UNDECLARED_SELECTOR = YES;
				GCC_WARN_UNINITIALIZED_AUTOS = YES_AGGRESSIVE;
				GCC_WARN_UNUSED_FUNCTION = YES;
				GCC_WARN_UNUSED_VARIABLE = YES;
				IPHONEOS_DEPLOYMENT_TARGET = 11.2;
				MTL_ENABLE_DEBUG_INFO = NO;
				SDKROOT = iphoneos;
				SWIFT_OPTIMIZATION_LEVEL = "-Owholemodule";
				VALIDATE_PRODUCT = YES;
			};
			name = Release;
		};
		F50BF0FE203DABAA00FA7AC9 /* Debug */ = {
			isa = XCBuildConfiguration;
			buildSettings = {
				ALWAYS_EMBED_SWIFT_STANDARD_LIBRARIES = YES;
				ASSETCATALOG_COMPILER_APPICON_NAME = AppIcon;
				CODE_SIGN_ENTITLEMENTS = Tinker/Tinker.entitlements;
				CODE_SIGN_STYLE = Automatic;
				DEVELOPMENT_TEAM = 8539ME5Z8R;
				INFOPLIST_FILE = Tinker/Info.plist;
				LD_RUNPATH_SEARCH_PATHS = "$(inherited) @executable_path/Frameworks";
				PRODUCT_BUNDLE_IDENTIFIER = com.BillProudfoot.Tinker;
				PRODUCT_NAME = "$(TARGET_NAME)";
				SWIFT_VERSION = 4.0;
				TARGETED_DEVICE_FAMILY = "1,2";
			};
			name = Debug;
		};
		F50BF0FF203DABAA00FA7AC9 /* Release */ = {
			isa = XCBuildConfiguration;
			buildSettings = {
				ALWAYS_EMBED_SWIFT_STANDARD_LIBRARIES = YES;
				ASSETCATALOG_COMPILER_APPICON_NAME = AppIcon;
				CODE_SIGN_ENTITLEMENTS = Tinker/Tinker.entitlements;
				CODE_SIGN_STYLE = Automatic;
				DEVELOPMENT_TEAM = 8539ME5Z8R;
				INFOPLIST_FILE = Tinker/Info.plist;
				LD_RUNPATH_SEARCH_PATHS = "$(inherited) @executable_path/Frameworks";
				PRODUCT_BUNDLE_IDENTIFIER = com.BillProudfoot.Tinker;
				PRODUCT_NAME = "$(TARGET_NAME)";
				SWIFT_VERSION = 4.0;
				TARGETED_DEVICE_FAMILY = "1,2";
			};
			name = Release;
		};
		F50BF10D203DAE1100FA7AC9 /* Debug */ = {
			isa = XCBuildConfiguration;
			buildSettings = {
				CODE_SIGN_STYLE = Automatic;
				DEVELOPMENT_TEAM = 8539ME5Z8R;
				INFOPLIST_FILE = Tinkerintents/Info.plist;
				LD_RUNPATH_SEARCH_PATHS = "$(inherited) @executable_path/Frameworks @executable_path/../../Frameworks";
				PRODUCT_BUNDLE_IDENTIFIER = com.BillProudfoot.Tinker.Tinkerintents;
				PRODUCT_NAME = "$(TARGET_NAME)";
				SKIP_INSTALL = YES;
				SWIFT_VERSION = 4.0;
				TARGETED_DEVICE_FAMILY = "1,2";
			};
			name = Debug;
		};
		F50BF10E203DAE1100FA7AC9 /* Release */ = {
			isa = XCBuildConfiguration;
			buildSettings = {
				CODE_SIGN_STYLE = Automatic;
				DEVELOPMENT_TEAM = 8539ME5Z8R;
				INFOPLIST_FILE = Tinkerintents/Info.plist;
				LD_RUNPATH_SEARCH_PATHS = "$(inherited) @executable_path/Frameworks @executable_path/../../Frameworks";
				PRODUCT_BUNDLE_IDENTIFIER = com.BillProudfoot.Tinker.Tinkerintents;
				PRODUCT_NAME = "$(TARGET_NAME)";
				SKIP_INSTALL = YES;
				SWIFT_VERSION = 4.0;
				TARGETED_DEVICE_FAMILY = "1,2";
			};
			name = Release;
		};
/* End XCBuildConfiguration section */

/* Begin XCConfigurationList section */
		F50BF0E6203DABAA00FA7AC9 /* Build configuration list for PBXProject "Tinker" */ = {
			isa = XCConfigurationList;
			buildConfigurations = (
				F50BF0FB203DABAA00FA7AC9 /* Debug */,
				F50BF0FC203DABAA00FA7AC9 /* Release */,
			);
			defaultConfigurationIsVisible = 0;
			defaultConfigurationName = Release;
		};
		F50BF0FD203DABAA00FA7AC9 /* Build configuration list for PBXNativeTarget "Tinker" */ = {
			isa = XCConfigurationList;
			buildConfigurations = (
				F50BF0FE203DABAA00FA7AC9 /* Debug */,
				F50BF0FF203DABAA00FA7AC9 /* Release */,
			);
			defaultConfigurationIsVisible = 0;
			defaultConfigurationName = Release;
		};
		F50BF10C203DAE1100FA7AC9 /* Build configuration list for PBXNativeTarget "Tinkerintents" */ = {
			isa = XCConfigurationList;
			buildConfigurations = (
				F50BF10D203DAE1100FA7AC9 /* Debug */,
				F50BF10E203DAE1100FA7AC9 /* Release */,
			);
			defaultConfigurationIsVisible = 0;
			defaultConfigurationName = Release;
		};
/* End XCConfigurationList section */
	};
	rootObject = F50BF0E3203DABAA00FA7AC9 /* Project object */;
}
